
Microsoft Visual Studio Solution File, Format Version 12.00
# Visual Studio 14
VisualStudioVersion = 14.0.23107.0
MinimumVisualStudioVersion = 10.0.40219.1
Project("{FAE04EC0-301F-11D3-BF4B-00C04F79EFBC}") = "HelloWorld", "HelloWorld\HelloWorld.csproj", "{C0452D5A-A611-4A6A-B491-CE316D63519D}"
EndProject
Project("{FAE04EC0-301F-11D3-BF4B-00C04F79EFBC}") = "GetCurrentHotel", "GetCurrentHotel\GetCurrentHotel.csproj", "{494D2952-22F6-4BD0-AF34-5960DC9A593C}"
EndProject
Project("{FAE04EC0-301F-11D3-BF4B-00C04F79EFBC}") = "AlipayTest", "AlipayTest\AlipayTest.csproj", "{3D9A4F37-8BA7-4FE8-9581-FD958B180338}"
EndProject
Project("{FAE04EC0-301F-11D3-BF4B-00C04F79EFBC}") = "AlipayAPI", "AlipayAPI\AlipayAPI.csproj", "{9300B7BD-CDA8-46E2-8FD3-D08505A1E86A}"
EndProject
Project("{FAE04EC0-301F-11D3-BF4B-00C04F79EFBC}") = "BaiduApi", "BaiduApi\BaiduApi.csproj", "{504B0031-0AFB-4533-96FE-CA295D46CF56}"
EndProject
Project("{FAE04EC0-301F-11D3-BF4B-00C04F79EFBC}") = "BaiduTest", "BaiduTest\BaiduTest.csproj", "{73F24582-F117-4D5A-82E7-BBD8458619A3}"
EndProject
Project("{FAE04EC0-301F-11D3-BF4B-00C04F79EFBC}") = "TencentAPI", "TencentAPI\TencentAPI.csproj", "{19F004C8-D212-4D13-A644-305AB280090E}"
EndProject
Project("{FAE04EC0-301F-11D3-BF4B-00C04F79EFBC}") = "TencentTest", "TencentTest\TencentTest.csproj", "{93C89264-CA18-4ABF-8F79-EDA3D20203D4}"
EndProject
Global
	GlobalSection(SolutionConfigurationPlatforms) = preSolution
		Debug|Any CPU = Debug|Any CPU
		Release|Any CPU = Release|Any CPU
	EndGlobalSection
	GlobalSection(ProjectConfigurationPlatforms) = postSolution
		{C0452D5A-A611-4A6A-B491-CE316D63519D}.Debug|Any CPU.ActiveCfg = Debug|Any CPU
		{C0452D5A-A611-4A6A-B491-CE316D63519D}.Debug|Any CPU.Build.0 = Debug|Any CPU
		{C0452D5A-A611-4A6A-B491-CE316D63519D}.Debug|Any CPU.Deploy.0 = Debug|Any CPU
		{C0452D5A-A611-4A6A-B491-CE316D63519D}.Release|Any CPU.ActiveCfg = Release|Any CPU
		{C0452D5A-A611-4A6A-B491-CE316D63519D}.Release|Any CPU.Build.0 = Release|Any CPU
		{C0452D5A-A611-4A6A-B491-CE316D63519D}.Release|Any CPU.Deploy.0 = Release|Any CPU
		{494D2952-22F6-4BD0-AF34-5960DC9A593C}.Debug|Any CPU.ActiveCfg = Debug|Any CPU
		{494D2952-22F6-4BD0-AF34-5960DC9A593C}.Debug|Any CPU.Build.0 = Debug|Any CPU
		{494D2952-22F6-4BD0-AF34-5960DC9A593C}.Debug|Any CPU.Deploy.0 = Debug|Any CPU
		{494D2952-22F6-4BD0-AF34-5960DC9A593C}.Release|Any CPU.ActiveCfg = Release|Any CPU
		{494D2952-22F6-4BD0-AF34-5960DC9A593C}.Release|Any CPU.Build.0 = Release|Any CPU
		{494D2952-22F6-4BD0-AF34-5960DC9A593C}.Release|Any CPU.Deploy.0 = Release|Any CPU
		{3D9A4F37-8BA7-4FE8-9581-FD958B180338}.Debug|Any CPU.ActiveCfg = Release|Any CPU
		{3D9A4F37-8BA7-4FE8-9581-FD958B180338}.Debug|Any CPU.Build.0 = Release|Any CPU
		{3D9A4F37-8BA7-4FE8-9581-FD958B180338}.Debug|Any CPU.Deploy.0 = Release|Any CPU
		{3D9A4F37-8BA7-4FE8-9581-FD958B180338}.Release|Any CPU.ActiveCfg = Release|Any CPU
		{3D9A4F37-8BA7-4FE8-9581-FD958B180338}.Release|Any CPU.Build.0 = Release|Any CPU
		{3D9A4F37-8BA7-4FE8-9581-FD958B180338}.Release|Any CPU.Deploy.0 = Release|Any CPU
		{9300B7BD-CDA8-46E2-8FD3-D08505A1E86A}.Debug|Any CPU.ActiveCfg = Debug|Any CPU
		{9300B7BD-CDA8-46E2-8FD3-D08505A1E86A}.Debug|Any CPU.Build.0 = Debug|Any CPU
		{9300B7BD-CDA8-46E2-8FD3-D08505A1E86A}.Release|Any CPU.ActiveCfg = Release|Any CPU
		{9300B7BD-CDA8-46E2-8FD3-D08505A1E86A}.Release|Any CPU.Build.0 = Release|Any CPU
		{504B0031-0AFB-4533-96FE-CA295D46CF56}.Debug|Any CPU.ActiveCfg = Debug|Any CPU
		{504B0031-0AFB-4533-96FE-CA295D46CF56}.Debug|Any CPU.Build.0 = Debug|Any CPU
		{504B0031-0AFB-4533-96FE-CA295D46CF56}.Release|Any CPU.ActiveCfg = Release|Any CPU
		{504B0031-0AFB-4533-96FE-CA295D46CF56}.Release|Any CPU.Build.0 = Release|Any CPU
		{73F24582-F117-4D5A-82E7-BBD8458619A3}.Debug|Any CPU.ActiveCfg = Debug|Any CPU
		{73F24582-F117-4D5A-82E7-BBD8458619A3}.Debug|Any CPU.Build.0 = Debug|Any CPU
		{73F24582-F117-4D5A-82E7-BBD8458619A3}.Debug|Any CPU.Deploy.0 = Debug|Any CPU
		{73F24582-F117-4D5A-82E7-BBD8458619A3}.Release|Any CPU.ActiveCfg = Release|Any CPU
		{73F24582-F117-4D5A-82E7-BBD8458619A3}.Release|Any CPU.Build.0 = Release|Any CPU
		{73F24582-F117-4D5A-82E7-BBD8458619A3}.Release|Any CPU.Deploy.0 = Release|Any CPU
		{19F004C8-D212-4D13-A644-305AB280090E}.Debug|Any CPU.ActiveCfg = Debug|Any CPU
		{19F004C8-D212-4D13-A644-305AB280090E}.Debug|Any CPU.Build.0 = Debug|Any CPU
		{19F004C8-D212-4D13-A644-305AB280090E}.Release|Any CPU.ActiveCfg = Release|Any CPU
		{19F004C8-D212-4D13-A644-305AB280090E}.Release|Any CPU.Build.0 = Release|Any CPU
		{93C89264-CA18-4ABF-8F79-EDA3D20203D4}.Debug|Any CPU.ActiveCfg = Debug|Any CPU
		{93C89264-CA18-4ABF-8F79-EDA3D20203D4}.Debug|Any CPU.Build.0 = Debug|Any CPU
		{93C89264-CA18-4ABF-8F79-EDA3D20203D4}.Debug|Any CPU.Deploy.0 = Debug|Any CPU
		{93C89264-CA18-4ABF-8F79-EDA3D20203D4}.Release|Any CPU.ActiveCfg = Release|Any CPU
		{93C89264-CA18-4ABF-8F79-EDA3D20203D4}.Release|Any CPU.Build.0 = Release|Any CPU
		{93C89264-CA18-4ABF-8F79-EDA3D20203D4}.Release|Any CPU.Deploy.0 = Release|Any CPU
	EndGlobalSection
	GlobalSection(SolutionProperties) = preSolution
		HideSolutionNode = FALSE
	EndGlobalSection
EndGlobal
